{
  "lockfile_version": "1",
  "packages": {
    "bikeshed@latest": {
      "last_modified": "2025-05-06T08:06:31Z",
      "resolved": "github:NixOS/nixpkgs/1cb1c02a6b1b7cf67e3d7731cbbf327a53da9679#bikeshed",
      "source": "devbox-search",
      "version": "5.1.2",
      "systems": {
        "aarch64-darwin": {
          "outputs": [
            {
              "name": "out",
              "path": "/nix/store/byk7ag1k1mxrn0k2xdik7rzln600d39h-bikeshed-5.1.2",
              "default": true
            },
            {
              "name": "dist",
              "path": "/nix/store/x7p41gi116xfdn43qyzx61yamwyhaqxk-bikeshed-5.1.2-dist"
            }
          ],
          "store_path": "/nix/store/byk7ag1k1mxrn0k2xdik7rzln600d39h-bikeshed-5.1.2"
        },
        "aarch64-linux": {
          "outputs": [
            {
              "name": "out",
              "path": "/nix/store/5nwp942h6mni220dzqbcqb04mxnh6mfc-bikeshed-5.1.2",
              "default": true
            },
            {
              "name": "dist",
              "path": "/nix/store/jjrv0vwvnnjpd6wisb8b3xg24rxz5zwp-bikeshed-5.1.2-dist"
            }
          ],
          "store_path": "/nix/store/5nwp942h6mni220dzqbcqb04mxnh6mfc-bikeshed-5.1.2"
        },
        "x86_64-darwin": {
          "outputs": [
            {
              "name": "out",
              "path": "/nix/store/vwh4hjpd0r9zw4fxdwjb6z1x9l39jmq9-bikeshed-5.1.2",
              "default": true
            },
            {
              "name": "dist",
              "path": "/nix/store/rk3091z67f5mamqywgasm1y9ghfmyizl-bikeshed-5.1.2-dist"
            }
          ],
          "store_path": "/nix/store/vwh4hjpd0r9zw4fxdwjb6z1x9l39jmq9-bikeshed-5.1.2"
        },
        "x86_64-linux": {
          "outputs": [
            {
              "name": "out",
              "path": "/nix/store/l80hk33mi0wsynwl12livkc6c3sqj0bd-bikeshed-5.1.2",
              "default": true
            },
            {
              "name": "dist",
              "path": "/nix/store/gpxy88dizvl00fj10r4dbh0qa10ham5r-bikeshed-5.1.2-dist"
            }
          ],
          "store_path": "/nix/store/l80hk33mi0wsynwl12livkc6c3sqj0bd-bikeshed-5.1.2"
        }
      }
    },
    "github:NixOS/nixpkgs/nixpkgs-unstable": {
      "resolved": "github:NixOS/nixpkgs/b3582c75c7f21ce0b429898980eddbbf05c68e55?lastModified=1746576598&narHash=sha256-FshoQvr6Aor5SnORVvh%2FZdJ1Sa2U4ZrIMwKBX5k2wu0%3D"
    }
  }
}
